<?xml version="1.0" encoding="utf-8"?>
<Project ToolsVersion="4.0" xmlns="http://schemas.microsoft.com/developer/msbuild/2003">
  <ItemGroup>
    <Filter Include="Source Files">
      <UniqueIdentifier>{4FC737F1-C7A5-4376-A066-2A32D752A2FF}</UniqueIdentifier>
      <Extensions>cpp;cxx;c;def</Extensions>
    </Filter>
    <Filter Include="Header Files">
      <UniqueIdentifier>{93995380-89BD-4b04-88EB-625FBE52EBFB}</UniqueIdentifier>
      <Extensions>h</Extensions>
    </Filter>
    <Filter Include="Form Files">
      <UniqueIdentifier>{99349809-55BA-4b9d-BF79-8FDBB0286EB3}</UniqueIdentifier>
      <Extensions>ui</Extensions>
    </Filter>
    <Filter Include="Resource Files">
      <UniqueIdentifier>{D9D6E242-F8AF-46E4-B9FD-80ECBC20BA3E}</UniqueIdentifier>
      <Extensions>qrc;*</Extensions>
      <ParseFiles>false</ParseFiles>
    </Filter>
    <Filter Include="Generated Files">
      <UniqueIdentifier>{71ED8ED8-ACB9-4CE9-BBE1-E00B30144E11}</UniqueIdentifier>
      <Extensions>moc;h;cpp</Extensions>
      <SourceControlFiles>False</SourceControlFiles>
    </Filter>
    <Filter Include="Generated Files\Debug">
      <UniqueIdentifier>{b45091a0-075e-47f7-9de9-ee4098d59f2e}</UniqueIdentifier>
      <Extensions>cpp;moc</Extensions>
      <SourceControlFiles>False</SourceControlFiles>
    </Filter>
    <Filter Include="Generated Files\Release">
      <UniqueIdentifier>{6f7ed079-b5bf-40c3-8b26-04fa79fa7909}</UniqueIdentifier>
      <Extensions>cpp;moc</Extensions>
      <SourceControlFiles>False</SourceControlFiles>
    </Filter>
    <Filter Include="Source Files\Toolbars">
      <UniqueIdentifier>{fd88b14e-5778-4a05-b91c-d7edaa1e24ba}</UniqueIdentifier>
    </Filter>
    <Filter Include="Header Files\ToolBars">
      <UniqueIdentifier>{e346b1f7-ec28-4cf7-9692-efe2bc6a1680}</UniqueIdentifier>
    </Filter>
    <Filter Include="Header Files\MySQL">
      <UniqueIdentifier>{513a37fa-8710-41be-bae5-d968a5805acc}</UniqueIdentifier>
    </Filter>
    <Filter Include="Source Files\MySQL">
      <UniqueIdentifier>{81beb279-d6d7-4810-aa56-9a24f6819858}</UniqueIdentifier>
    </Filter>
    <Filter Include="Header Files\MainWindow">
      <UniqueIdentifier>{771aad4f-bcd2-480c-9a23-9e007d58456a}</UniqueIdentifier>
    </Filter>
    <Filter Include="Source Files\MainWindow">
      <UniqueIdentifier>{866d3417-902f-4a13-87e6-1947fab4a3d1}</UniqueIdentifier>
    </Filter>
    <Filter Include="Header Files\User">
      <UniqueIdentifier>{fbfcaaae-683d-403a-a567-225edff96aa7}</UniqueIdentifier>
    </Filter>
    <Filter Include="Source Files\User">
      <UniqueIdentifier>{72032c47-d353-4582-95a9-01abe733b0eb}</UniqueIdentifier>
    </Filter>
    <Filter Include="Header Files\LogInDialog">
      <UniqueIdentifier>{1ba869d2-ed8d-4090-98b7-a9a79cf7fd7b}</UniqueIdentifier>
    </Filter>
    <Filter Include="Source Files\LogInDialog">
      <UniqueIdentifier>{1f7a2137-0354-4a18-9975-6dbc4a558740}</UniqueIdentifier>
    </Filter>
    <Filter Include="Source Files\Views">
      <UniqueIdentifier>{9d0bb3d6-f693-47f4-b6ee-96be14fc9b9f}</UniqueIdentifier>
    </Filter>
    <Filter Include="Header Files\Views">
      <UniqueIdentifier>{51db1425-9305-4ba9-bad7-4c1e392cf47c}</UniqueIdentifier>
    </Filter>
  </ItemGroup>
  <ItemGroup>
    <ClCompile Include="GeneratedFiles\Debug\moc_SH_LogInDialog.cpp">
      <Filter>Generated Files\Debug</Filter>
    </ClCompile>
    <ClCompile Include="GeneratedFiles\Release\moc_SH_LogInDialog.cpp">
      <Filter>Generated Files\Release</Filter>
    </ClCompile>
    <ClCompile Include="GeneratedFiles\Debug\moc_SH_MainToolBar.cpp">
      <Filter>Generated Files\Debug</Filter>
    </ClCompile>
    <ClCompile Include="GeneratedFiles\Release\moc_SH_MainToolBar.cpp">
      <Filter>Generated Files\Release</Filter>
    </ClCompile>
    <ClCompile Include="src\main.cpp">
      <Filter>Source Files</Filter>
    </ClCompile>
    <ClCompile Include="GeneratedFiles\Debug\moc_SH_User.cpp">
      <Filter>Generated Files\Debug</Filter>
    </ClCompile>
    <ClCompile Include="GeneratedFiles\Release\moc_SH_User.cpp">
      <Filter>Generated Files\Release</Filter>
    </ClCompile>
    <ClCompile Include="GeneratedFiles\Debug\moc_SH_SecondaryToolBar.cpp">
      <Filter>Generated Files\Debug</Filter>
    </ClCompile>
    <ClCompile Include="GeneratedFiles\Release\moc_SH_SecondaryToolBar.cpp">
      <Filter>Generated Files\Release</Filter>
    </ClCompile>
    <ClCompile Include="GeneratedFiles\Debug\moc_SH_MainViewToolBar.cpp">
      <Filter>Generated Files\Debug</Filter>
    </ClCompile>
    <ClCompile Include="GeneratedFiles\Release\moc_SH_MainViewToolBar.cpp">
      <Filter>Generated Files\Release</Filter>
    </ClCompile>
    <ClCompile Include="src\SH_MainViewToolBar.cpp">
      <Filter>Source Files\Toolbars</Filter>
    </ClCompile>
    <ClCompile Include="src\SH_MainToolBar.cpp">
      <Filter>Source Files\Toolbars</Filter>
    </ClCompile>
    <ClCompile Include="src\SH_SecondaryToolBar.cpp">
      <Filter>Source Files\Toolbars</Filter>
    </ClCompile>
    <ClCompile Include="src\SH_MySqlConnector.cpp">
      <Filter>Source Files\MySQL</Filter>
    </ClCompile>
    <ClCompile Include="src\sh_mainwindow.cpp">
      <Filter>Source Files\MainWindow</Filter>
    </ClCompile>
    <ClCompile Include="src\SH_User.cpp">
      <Filter>Source Files\User</Filter>
    </ClCompile>
    <ClCompile Include="src\SH_LogInDialog.cpp">
      <Filter>Source Files\LogInDialog</Filter>
    </ClCompile>
    <ClCompile Include="src\SH_ProjectViewToolBar.cpp">
      <Filter>Source Files\Toolbars</Filter>
    </ClCompile>
    <ClCompile Include="GeneratedFiles\Debug\moc_SH_ProjectViewToolBar.cpp">
      <Filter>Generated Files\Debug</Filter>
    </ClCompile>
    <ClCompile Include="GeneratedFiles\Release\moc_SH_ProjectViewToolBar.cpp">
      <Filter>Generated Files\Release</Filter>
    </ClCompile>
    <ClCompile Include="src\SH_UsersViewToolBar.cpp">
      <Filter>Source Files\Toolbars</Filter>
    </ClCompile>
    <ClCompile Include="GeneratedFiles\Debug\moc_SH_UsersViewToolBar.cpp">
      <Filter>Generated Files\Debug</Filter>
    </ClCompile>
    <ClCompile Include="GeneratedFiles\Release\moc_SH_UsersViewToolBar.cpp">
      <Filter>Generated Files\Release</Filter>
    </ClCompile>
    <ClCompile Include="src\SH_CalendarViewToolBar.cpp">
      <Filter>Source Files\Toolbars</Filter>
    </ClCompile>
    <ClCompile Include="GeneratedFiles\Debug\moc_SH_CalendarViewToolBar.cpp">
      <Filter>Generated Files\Debug</Filter>
    </ClCompile>
    <ClCompile Include="GeneratedFiles\Release\moc_SH_CalendarViewToolBar.cpp">
      <Filter>Generated Files\Release</Filter>
    </ClCompile>
    <ClCompile Include="src\SH_ProjectListView.cpp">
      <Filter>Source Files\Views</Filter>
    </ClCompile>
    <ClCompile Include="GeneratedFiles\Debug\moc_SH_ProjectListView.cpp">
      <Filter>Generated Files\Debug</Filter>
    </ClCompile>
    <ClCompile Include="GeneratedFiles\Release\moc_SH_ProjectListView.cpp">
      <Filter>Generated Files\Release</Filter>
    </ClCompile>
    <ClCompile Include="src\SH_MainView.cpp">
      <Filter>Source Files\Views</Filter>
    </ClCompile>
    <ClCompile Include="GeneratedFiles\Debug\moc_SH_MainView.cpp">
      <Filter>Generated Files\Debug</Filter>
    </ClCompile>
    <ClCompile Include="GeneratedFiles\Release\moc_SH_MainView.cpp">
      <Filter>Generated Files\Release</Filter>
    </ClCompile>
    <ClCompile Include="src\SH_UsersView.cpp">
      <Filter>Source Files\Views</Filter>
    </ClCompile>
    <ClCompile Include="GeneratedFiles\Debug\moc_SH_UsersView.cpp">
      <Filter>Generated Files\Debug</Filter>
    </ClCompile>
    <ClCompile Include="GeneratedFiles\Release\moc_SH_UsersView.cpp">
      <Filter>Generated Files\Release</Filter>
    </ClCompile>
    <ClCompile Include="GeneratedFiles\Debug\moc_sh_mainwindow.cpp">
      <Filter>Generated Files\Debug</Filter>
    </ClCompile>
    <ClCompile Include="GeneratedFiles\Release\moc_sh_mainwindow.cpp">
      <Filter>Generated Files\Release</Filter>
    </ClCompile>
    <ClCompile Include="src\SH_CalendarView.cpp">
      <Filter>Source Files\Views</Filter>
    </ClCompile>
    <ClCompile Include="GeneratedFiles\Debug\moc_SH_CalendarView.cpp">
      <Filter>Generated Files\Debug</Filter>
    </ClCompile>
    <ClCompile Include="GeneratedFiles\Release\moc_SH_CalendarView.cpp">
      <Filter>Generated Files\Release</Filter>
    </ClCompile>
    <ClCompile Include="GeneratedFiles\Debug\moc_SH_MySqlConnector.cpp">
      <Filter>Generated Files\Debug</Filter>
    </ClCompile>
    <ClCompile Include="GeneratedFiles\Release\moc_SH_MySqlConnector.cpp">
      <Filter>Generated Files\Release</Filter>
    </ClCompile>
    <ClCompile Include="src\SH_UsersViewDetails.cpp">
      <Filter>Source Files\Views</Filter>
    </ClCompile>
    <ClCompile Include="GeneratedFiles\Debug\moc_SH_UsersViewDetails.cpp">
      <Filter>Generated Files\Debug</Filter>
    </ClCompile>
    <ClCompile Include="GeneratedFiles\Release\moc_SH_UsersViewDetails.cpp">
      <Filter>Generated Files\Release</Filter>
    </ClCompile>
    <ClCompile Include="src\SH_NewUserWindow.cpp">
      <Filter>Source Files\Views</Filter>
    </ClCompile>
    <ClCompile Include="GeneratedFiles\Debug\moc_SH_NewUserWindow.cpp">
      <Filter>Generated Files\Debug</Filter>
    </ClCompile>
    <ClCompile Include="GeneratedFiles\Release\moc_SH_NewUserWindow.cpp">
      <Filter>Generated Files\Release</Filter>
    </ClCompile>
  </ItemGroup>
  <ItemGroup>
    <CustomBuild Include="sh_mainwindow.ui">
      <Filter>Form Files</Filter>
    </CustomBuild>
    <CustomBuild Include="GeneratedFiles\ui_sh_mainwindow.h">
      <Filter>Generated Files</Filter>
    </CustomBuild>
    <CustomBuild Include="include\SH_MainToolBar.h">
      <Filter>Header Files\ToolBars</Filter>
    </CustomBuild>
    <CustomBuild Include="include\SH_SecondaryToolBar.h">
      <Filter>Header Files\ToolBars</Filter>
    </CustomBuild>
    <CustomBuild Include="include\SH_MainViewToolBar.h">
      <Filter>Header Files\ToolBars</Filter>
    </CustomBuild>
    <CustomBuild Include="include\sh_mainwindow.h">
      <Filter>Header Files\MainWindow</Filter>
    </CustomBuild>
    <CustomBuild Include="include\SH_User.h">
      <Filter>Header Files\User</Filter>
    </CustomBuild>
    <CustomBuild Include="include\SH_LogInDialog.h">
      <Filter>Header Files\LogInDialog</Filter>
    </CustomBuild>
    <CustomBuild Include="include\SH_ProjectViewToolBar.h">
      <Filter>Header Files\ToolBars</Filter>
    </CustomBuild>
    <CustomBuild Include="include\SH_UsersViewToolBar.h">
      <Filter>Header Files\ToolBars</Filter>
    </CustomBuild>
    <CustomBuild Include="include\SH_CalendarViewToolBar.h">
      <Filter>Header Files\ToolBars</Filter>
    </CustomBuild>
    <CustomBuild Include="include\SH_ProjectListView.h">
      <Filter>Header Files\Views</Filter>
    </CustomBuild>
    <CustomBuild Include="include\SH_MainView.h">
      <Filter>Header Files\Views</Filter>
    </CustomBuild>
    <CustomBuild Include="include\SH_UsersView.h">
      <Filter>Header Files\Views</Filter>
    </CustomBuild>
    <CustomBuild Include="include\SH_CalendarView.h">
      <Filter>Header Files\Views</Filter>
    </CustomBuild>
    <CustomBuild Include="include\SH_MySqlConnector.h">
      <Filter>Header Files\MySQL</Filter>
    </CustomBuild>
    <CustomBuild Include="include\SH_UsersViewDetails.h">
      <Filter>Header Files\Views</Filter>
    </CustomBuild>
    <CustomBuild Include="include\SH_NewUserWindow.h">
      <Filter>Header Files\Views</Filter>
    </CustomBuild>
  </ItemGroup>
  <ItemGroup>
    <None Include="..\StudioHubResources\Stylesheet\StudioHub.stylesheet">
      <Filter>Resource Files</Filter>
    </None>
  </ItemGroup>
</Project>